
Microsoft Visual Studio Solution File, Format Version 12.00
# Visual Studio Version 17
VisualStudioVersion = 17.14.36414.22
MinimumVisualStudioVersion = 10.0.40219.1
Project("{FAE04EC0-301F-11D3-BF4B-00C04F79EFBC}") = "MauiApp1", "MauiApp1.csproj", "{15159FDC-90E7-4775-A9EF-1393E3F73DC0}"
EndProject
Global
	GlobalSection(SolutionConfigurationPlatforms) = preSolution
		Debug|Any CPU = Debug|Any CPU
		Release|Any CPU = Release|Any CPU
	EndGlobalSection
	GlobalSection(ProjectConfigurationPlatforms) = postSolution
		{15159FDC-90E7-4775-A9EF-1393E3F73DC0}.Debug|Any CPU.ActiveCfg = Debug|Any CPU
		{15159FDC-90E7-4775-A9EF-1393E3F73DC0}.Debug|Any CPU.Build.0 = Debug|Any CPU
		{15159FDC-90E7-4775-A9EF-1393E3F73DC0}.Release|Any CPU.ActiveCfg = Release|Any CPU
		{15159FDC-90E7-4775-A9EF-1393E3F73DC0}.Release|Any CPU.Build.0 = Release|Any CPU
	EndGlobalSection
	GlobalSection(SolutionProperties) = preSolution
		HideSolutionNode = FALSE
	EndGlobalSection
	GlobalSection(ExtensibilityGlobals) = postSolution
		SolutionGuid = {E4289DB4-EE84-48E0-8927-E824B4425AC2}
	EndGlobalSection
EndGlobal
