Microsoft Visual Studio Solution File, Format Version 12.00
# Visual Studio Version 17
VisualStudioVersion = 17.14.36511.14
MinimumVisualStudioVersion = 10.0.40219.1
Project("{9A19103F-16F7-4668-BE54-9A1E7A4F7556}") = "XamarinApp3", "XamarinApp3\XamarinApp3.csproj", "{3158393E-B810-409C-B7F0-BC32FA3915D1}"
EndProject
Global
	GlobalSection(SolutionConfigurationPlatforms) = preSolution
		Debug|Any CPU = Debug|Any CPU
		Release|Any CPU = Release|Any CPU
	EndGlobalSection
	GlobalSection(ProjectConfigurationPlatforms) = postSolution
		{3158393E-B810-409C-B7F0-BC32FA3915D1}.Debug|Any CPU.ActiveCfg = Debug|Any CPU
		{3158393E-B810-409C-B7F0-BC32FA3915D1}.Debug|Any CPU.Build.0 = Debug|Any CPU
		{3158393E-B810-409C-B7F0-BC32FA3915D1}.Debug|Any CPU.Deploy.0 = Debug|Any CPU
		{3158393E-B810-409C-B7F0-BC32FA3915D1}.Release|Any CPU.ActiveCfg = Release|Any CPU
		{3158393E-B810-409C-B7F0-BC32FA3915D1}.Release|Any CPU.Build.0 = Release|Any CPU
		{3158393E-B810-409C-B7F0-BC32FA3915D1}.Release|Any CPU.Deploy.0 = Debug|Any CPU
	EndGlobalSection
	GlobalSection(SolutionProperties) = preSolution
		HideSolutionNode = FALSE
	EndGlobalSection
	GlobalSection(ExtensibilityGlobals) = postSolution
		SolutionGuid = {AA22B05C-892C-4D80-9B4F-7FA978041039}
	EndGlobalSection
EndGlobal
